
Microsoft Visual Studio Solution File, Format Version 12.00
# Visual Studio Version 16
VisualStudioVersion = 16.0.30804.86
MinimumVisualStudioVersion = 10.0.40219.1
Project("{FAE04EC0-301F-11D3-BF4B-00C04F79EFBC}") = "HackerRankTest", "HackerRankTest\HackerRankTest.csproj", "{F4983D5A-28F9-482A-AC5B-DFD8326A8B4A}"
EndProject
Global
	GlobalSection(SolutionConfigurationPlatforms) = preSolution
		Debug|Any CPU = Debug|Any CPU
		Release|Any CPU = Release|Any CPU
	EndGlobalSection
	GlobalSection(ProjectConfigurationPlatforms) = postSolution
		{F4983D5A-28F9-482A-AC5B-DFD8326A8B4A}.Debug|Any CPU.ActiveCfg = Debug|Any CPU
		{F4983D5A-28F9-482A-AC5B-DFD8326A8B4A}.Debug|Any CPU.Build.0 = Debug|Any CPU
		{F4983D5A-28F9-482A-AC5B-DFD8326A8B4A}.Release|Any CPU.ActiveCfg = Release|Any CPU
		{F4983D5A-28F9-482A-AC5B-DFD8326A8B4A}.Release|Any CPU.Build.0 = Release|Any CPU
	EndGlobalSection
	GlobalSection(SolutionProperties) = preSolution
		HideSolutionNode = FALSE
	EndGlobalSection
	GlobalSection(ExtensibilityGlobals) = postSolution
		SolutionGuid = {6AE5B3B3-E4A9-40FB-8F62-0CB46D31A9DD}
	EndGlobalSection
EndGlobal
